<?xml version="1.0" encoding="utf-8"?>
<Project ToolsVersion="17.0" xmlns="http://schemas.microsoft.com/developer/msbuild/2003">
  <ItemGroup>
    <CustomBuild Include="C:\Users\cCarreon\Desktop\ccarreon-intermediate-graphics\gpr300-sokol\CMakeFiles\da9ad2513fcfede1ee27ccfe71fdda44\INSTALL_force.rule">
      <Filter>CMake Rules</Filter>
    </CustomBuild>
  </ItemGroup>
  <ItemGroup>
    <Filter Include="CMake Rules">
      <UniqueIdentifier>{97B47357-D53A-30C9-864C-16AEFEB7DDB5}</UniqueIdentifier>
    </Filter>
  </ItemGroup>
</Project>
